
Microsoft Visual Studio Solution File, Format Version 12.00
# Visual Studio Version 16
VisualStudioVersion = 16.0.33801.447
MinimumVisualStudioVersion = 10.0.40219.1
Project("{FAE04EC0-301F-11D3-BF4B-00C04F79EFBC}") = "PtxViewer", "PtxViewer\PtxViewer.csproj", "{50C7E629-A19E-45A2-B571-3BEC09D312B8}"
EndProject
Project("{8BC9CEB8-8B4A-11D0-8D11-00A0C91BC942}") = "Tngn", "Tngn\Tngn.vcxproj", "{7480C1D4-337B-4290-9DCB-CFF1D452B3FA}"
EndProject
Project("{8BC9CEB8-8B4A-11D0-8D11-00A0C91BC942}") = "YmBase", "YmBase\YmBase.vcxproj", "{855F694F-5647-4D20-BA31-A7DEB27F9525}"
EndProject
Global
	GlobalSection(SolutionConfigurationPlatforms) = preSolution
		Debug|x64 = Debug|x64
		Debug|x86 = Debug|x86
		Release|x64 = Release|x64
		Release|x86 = Release|x86
	EndGlobalSection
	GlobalSection(ProjectConfigurationPlatforms) = postSolution
		{50C7E629-A19E-45A2-B571-3BEC09D312B8}.Debug|x64.ActiveCfg = Debug|x64
		{50C7E629-A19E-45A2-B571-3BEC09D312B8}.Debug|x64.Build.0 = Debug|x64
		{50C7E629-A19E-45A2-B571-3BEC09D312B8}.Debug|x86.ActiveCfg = Debug|x86
		{50C7E629-A19E-45A2-B571-3BEC09D312B8}.Debug|x86.Build.0 = Debug|x86
		{50C7E629-A19E-45A2-B571-3BEC09D312B8}.Release|x64.ActiveCfg = Release|x64
		{50C7E629-A19E-45A2-B571-3BEC09D312B8}.Release|x64.Build.0 = Release|x64
		{50C7E629-A19E-45A2-B571-3BEC09D312B8}.Release|x86.ActiveCfg = Release|x86
		{50C7E629-A19E-45A2-B571-3BEC09D312B8}.Release|x86.Build.0 = Release|x86
		{7480C1D4-337B-4290-9DCB-CFF1D452B3FA}.Debug|x64.ActiveCfg = Debug|x64
		{7480C1D4-337B-4290-9DCB-CFF1D452B3FA}.Debug|x64.Build.0 = Debug|x64
		{7480C1D4-337B-4290-9DCB-CFF1D452B3FA}.Debug|x86.ActiveCfg = Debug|Win32
		{7480C1D4-337B-4290-9DCB-CFF1D452B3FA}.Debug|x86.Build.0 = Debug|Win32
		{7480C1D4-337B-4290-9DCB-CFF1D452B3FA}.Release|x64.ActiveCfg = Release|x64
		{7480C1D4-337B-4290-9DCB-CFF1D452B3FA}.Release|x64.Build.0 = Release|x64
		{7480C1D4-337B-4290-9DCB-CFF1D452B3FA}.Release|x86.ActiveCfg = Release|Win32
		{7480C1D4-337B-4290-9DCB-CFF1D452B3FA}.Release|x86.Build.0 = Release|Win32
		{855F694F-5647-4D20-BA31-A7DEB27F9525}.Debug|x64.ActiveCfg = Debug|x64
		{855F694F-5647-4D20-BA31-A7DEB27F9525}.Debug|x64.Build.0 = Debug|x64
		{855F694F-5647-4D20-BA31-A7DEB27F9525}.Debug|x86.ActiveCfg = Debug|Win32
		{855F694F-5647-4D20-BA31-A7DEB27F9525}.Debug|x86.Build.0 = Debug|Win32
		{855F694F-5647-4D20-BA31-A7DEB27F9525}.Release|x64.ActiveCfg = Release|x64
		{855F694F-5647-4D20-BA31-A7DEB27F9525}.Release|x64.Build.0 = Release|x64
		{855F694F-5647-4D20-BA31-A7DEB27F9525}.Release|x86.ActiveCfg = Release|Win32
		{855F694F-5647-4D20-BA31-A7DEB27F9525}.Release|x86.Build.0 = Release|Win32
	EndGlobalSection
	GlobalSection(SolutionProperties) = preSolution
		HideSolutionNode = FALSE
	EndGlobalSection
	GlobalSection(ExtensibilityGlobals) = postSolution
		SolutionGuid = {050F8A29-33D5-46F6-9F65-D4C4B9604233}
	EndGlobalSection
EndGlobal
