
Microsoft Visual Studio Solution File, Format Version 12.00
# Visual Studio Version 16
VisualStudioVersion = 16.0.33801.447
MinimumVisualStudioVersion = 10.0.40219.1
Project("{FAE04EC0-301F-11D3-BF4B-00C04F79EFBC}") = "PtxViewer", "PtxViewer\PtxViewer.csproj", "{50C7E629-A19E-45A2-B571-3BEC09D312B8}"
EndProject
Global
	GlobalSection(SolutionConfigurationPlatforms) = preSolution
		Debug|Any CPU = Debug|Any CPU
		Release|Any CPU = Release|Any CPU
	EndGlobalSection
	GlobalSection(ProjectConfigurationPlatforms) = postSolution
		{50C7E629-A19E-45A2-B571-3BEC09D312B8}.Debug|Any CPU.ActiveCfg = Debug|Any CPU
		{50C7E629-A19E-45A2-B571-3BEC09D312B8}.Debug|Any CPU.Build.0 = Debug|Any CPU
		{50C7E629-A19E-45A2-B571-3BEC09D312B8}.Release|Any CPU.ActiveCfg = Release|Any CPU
		{50C7E629-A19E-45A2-B571-3BEC09D312B8}.Release|Any CPU.Build.0 = Release|Any CPU
	EndGlobalSection
	GlobalSection(SolutionProperties) = preSolution
		HideSolutionNode = FALSE
	EndGlobalSection
	GlobalSection(ExtensibilityGlobals) = postSolution
		SolutionGuid = {050F8A29-33D5-46F6-9F65-D4C4B9604233}
	EndGlobalSection
EndGlobal
