<?xml version="1.0" encoding="utf-8"?>
<Project ToolsVersion="4.0" xmlns="http://schemas.microsoft.com/developer/msbuild/2003">
  <ItemGroup>
    <Filter Include="ソース ファイル">
      <UniqueIdentifier>{4FC737F1-C7A5-4376-A066-2A32D752A2FF}</UniqueIdentifier>
      <Extensions>cpp;c;cc;cxx;c++;cppm;ixx;def;odl;idl;hpj;bat;asm;asmx</Extensions>
    </Filter>
    <Filter Include="ヘッダー ファイル">
      <UniqueIdentifier>{93995380-89BD-4b04-88EB-625FBE52EBFB}</UniqueIdentifier>
      <Extensions>h;hh;hpp;hxx;h++;hm;inl;inc;ipp;xsd</Extensions>
    </Filter>
    <Filter Include="リソース ファイル">
      <UniqueIdentifier>{67DA6AB6-F800-4c08-8B7A-83BB121AAD01}</UniqueIdentifier>
      <Extensions>rc;ico;cur;bmp;dlg;rc2;rct;bin;rgs;gif;jpg;jpeg;jpe;resx;tiff;tif;png;wav;mfcribbon-ms</Extensions>
    </Filter>
    <Filter Include="Ymcpp">
      <UniqueIdentifier>{47bc078d-f793-4bab-83ab-eefbd939e6e3}</UniqueIdentifier>
    </Filter>
    <Filter Include="Ymcpp\YmTngn">
      <UniqueIdentifier>{7d3950f1-1d59-4aeb-a202-cd8388b2c2a8}</UniqueIdentifier>
    </Filter>
    <Filter Include="Cli">
      <UniqueIdentifier>{5605e3ad-a391-4daf-a80e-4b9924b85913}</UniqueIdentifier>
    </Filter>
  </ItemGroup>
  <ItemGroup>
    <ClInclude Include="Tngn.h">
      <Filter>ヘッダー ファイル</Filter>
    </ClInclude>
    <ClInclude Include="Resource.h">
      <Filter>ヘッダー ファイル</Filter>
    </ClInclude>
    <ClInclude Include="pch.h">
      <Filter>ヘッダー ファイル</Filter>
    </ClInclude>
    <ClInclude Include="TngnCli.h">
      <Filter>Cli</Filter>
    </ClInclude>
    <ClInclude Include="ViewModel.h">
      <Filter>Cli</Filter>
    </ClInclude>
    <ClInclude Include="YmTngn\YmTngnFwd.h">
      <Filter>Ymcpp\YmTngn</Filter>
    </ClInclude>
    <ClInclude Include="YmTngn\YmTngnViewModel.h">
      <Filter>Ymcpp\YmTngn</Filter>
    </ClInclude>
    <ClInclude Include="YmTngn\YmComPtr.h">
      <Filter>Ymcpp\YmTngn</Filter>
    </ClInclude>
    <ClInclude Include="YmTngn\YmTngnDraw.h">
      <Filter>Ymcpp\YmTngn</Filter>
    </ClInclude>
    <ClInclude Include="YmTngn\YmTngnDrawingModel.h">
      <Filter>Ymcpp\YmTngn</Filter>
    </ClInclude>
    <ClInclude Include="YmTngn\YmTngnDmMemoryPointList.h">
      <Filter>Ymcpp\YmTngn</Filter>
    </ClInclude>
    <ClInclude Include="YmTngn\YmTngnShaderContext.h">
      <Filter>Ymcpp\YmTngn</Filter>
    </ClInclude>
    <ClInclude Include="YmTngn\YmTngnShaderImpl.h">
      <Filter>Ymcpp\YmTngn</Filter>
    </ClInclude>
    <ClInclude Include="YmTngn\YmTngnVectorUtil.h">
      <Filter>Ymcpp\YmTngn</Filter>
    </ClInclude>
    <ClInclude Include="YmTngn\YmViewOp.h">
      <Filter>Ymcpp\YmTngn</Filter>
    </ClInclude>
    <ClInclude Include="FormView.h">
      <Filter>Cli</Filter>
    </ClInclude>
    <ClInclude Include="YmTngn\YmTngnDmPtxFiles.h">
      <Filter>Ymcpp\YmTngn</Filter>
    </ClInclude>
    <ClInclude Include="YmTngn\YmTngnDmExclusiveLodPointList.h">
      <Filter>Ymcpp\YmTngn</Filter>
    </ClInclude>
    <ClInclude Include="YmTngn\YmDx11MappedSubResource.h">
      <Filter>Ymcpp\YmTngn</Filter>
    </ClInclude>
    <ClInclude Include="YmTngn\YmTngnDmPointBlockList.h">
      <Filter>Ymcpp\YmTngn</Filter>
    </ClInclude>
    <ClInclude Include="YmTngn\YmTngnDmPointBlockListFile.h">
      <Filter>Ymcpp\YmTngn</Filter>
    </ClInclude>
    <ClInclude Include="YmTngn\YmTngnViewConfig.h">
      <Filter>Ymcpp\YmTngn</Filter>
    </ClInclude>
    <ClInclude Include="YmTngn\YmTngn.h">
      <Filter>Ymcpp\YmTngn</Filter>
    </ClInclude>
    <ClInclude Include="YmTngn\YmTngnDmTriangleMesh.h">
      <Filter>Ymcpp\YmTngn</Filter>
    </ClInclude>
  </ItemGroup>
  <ItemGroup>
    <ClCompile Include="Tngn.cpp">
      <Filter>ソース ファイル</Filter>
    </ClCompile>
    <ClCompile Include="AssemblyInfo.cpp">
      <Filter>ソース ファイル</Filter>
    </ClCompile>
    <ClCompile Include="pch.cpp">
      <Filter>ソース ファイル</Filter>
    </ClCompile>
    <ClCompile Include="ViewModel.cpp">
      <Filter>Cli</Filter>
    </ClCompile>
    <ClCompile Include="YmTngn\YmTngnViewModel.cpp">
      <Filter>Ymcpp\YmTngn</Filter>
    </ClCompile>
    <ClCompile Include="YmTngn\YmTngnDraw.cpp">
      <Filter>Ymcpp\YmTngn</Filter>
    </ClCompile>
    <ClCompile Include="YmTngn\YmTngnDrawingModel.cpp">
      <Filter>Ymcpp\YmTngn</Filter>
    </ClCompile>
    <ClCompile Include="YmTngn\YmTngnDmMemoryPointList.cpp">
      <Filter>Ymcpp\YmTngn</Filter>
    </ClCompile>
    <ClCompile Include="YmTngn\YmTngnShaderContext.cpp">
      <Filter>Ymcpp\YmTngn</Filter>
    </ClCompile>
    <ClCompile Include="YmTngn\YmTngnShaderImpl.cpp">
      <Filter>Ymcpp\YmTngn</Filter>
    </ClCompile>
    <ClCompile Include="YmTngn\YmViewOp.cpp">
      <Filter>Ymcpp\YmTngn</Filter>
    </ClCompile>
    <ClCompile Include="FormView.cpp">
      <Filter>Cli</Filter>
    </ClCompile>
    <ClCompile Include="YmTngn\YmTngnDmPtxFiles.cpp">
      <Filter>Ymcpp\YmTngn</Filter>
    </ClCompile>
    <ClCompile Include="YmTngn\YmTngnDmExclusiveLodPointList.cpp">
      <Filter>Ymcpp\YmTngn</Filter>
    </ClCompile>
    <ClCompile Include="YmTngn\YmDx11MappedSubResource.cpp">
      <Filter>Ymcpp\YmTngn</Filter>
    </ClCompile>
    <ClCompile Include="YmTngn\YmTngnDmPointBlockList.cpp">
      <Filter>Ymcpp\YmTngn</Filter>
    </ClCompile>
    <ClCompile Include="YmTngn\YmTngnDmPointBlockListFile.cpp">
      <Filter>Ymcpp\YmTngn</Filter>
    </ClCompile>
    <ClCompile Include="YmTngn\YmTngnViewConfig.cpp">
      <Filter>Ymcpp\YmTngn</Filter>
    </ClCompile>
    <ClCompile Include="YmTngn\YmTngnDmTriangleMesh.cpp">
      <Filter>Ymcpp\YmTngn</Filter>
    </ClCompile>
  </ItemGroup>
  <ItemGroup>
    <ResourceCompile Include="app.rc">
      <Filter>リソース ファイル</Filter>
    </ResourceCompile>
  </ItemGroup>
  <ItemGroup>
    <Image Include="app.ico">
      <Filter>リソース ファイル</Filter>
    </Image>
  </ItemGroup>
  <ItemGroup>
    <FxCompile Include="YmTngn\DefaultShader.hlsl">
      <Filter>Ymcpp\YmTngn</Filter>
    </FxCompile>
    <FxCompile Include="YmTngn\TriangleListShader.hlsl">
      <Filter>Ymcpp\YmTngn</Filter>
    </FxCompile>
  </ItemGroup>
  <ItemGroup>
    <None Include="packages.config" />
  </ItemGroup>
</Project>